// !$*UTF8*$!
{
	archiveVersion = 1;
	classes = {
	};
	objectVersion = 56;
	objects = {

/* Begin PBXBuildFile section */
		03854012E0E0DE459F1438D4 /* Pods_PhotoShareApp.framework in Frameworks */ = {isa = PBXBuildFile; fileRef = 5F9CAAFA652A7BD0AB2F676A /* Pods_PhotoShareApp.framework */; };
		9546C00A29FAD2B000F00546 /* AppDelegate.swift in Sources */ = {isa = PBXBuildFile; fileRef = 9546C00929FAD2B000F00546 /* AppDelegate.swift */; };
		9546C00C29FAD2B000F00546 /* SceneDelegate.swift in Sources */ = {isa = PBXBuildFile; fileRef = 9546C00B29FAD2B000F00546 /* SceneDelegate.swift */; };
		9546C00E29FAD2B000F00546 /* ViewController.swift in Sources */ = {isa = PBXBuildFile; fileRef = 9546C00D29FAD2B000F00546 /* ViewController.swift */; };
		9546C01129FAD2B000F00546 /* Main.storyboard in Resources */ = {isa = PBXBuildFile; fileRef = 9546C00F29FAD2B000F00546 /* Main.storyboard */; };
		9546C01329FAD2B100F00546 /* Assets.xcassets in Resources */ = {isa = PBXBuildFile; fileRef = 9546C01229FAD2B100F00546 /* Assets.xcassets */; };
		9546C01629FAD2B100F00546 /* LaunchScreen.storyboard in Resources */ = {isa = PBXBuildFile; fileRef = 9546C01429FAD2B100F00546 /* LaunchScreen.storyboard */; };
		9546C01E29FAD3D900F00546 /* GoogleService-Info.plist in Resources */ = {isa = PBXBuildFile; fileRef = 9546C01D29FAD3D900F00546 /* GoogleService-Info.plist */; };
		9546C02029FADD8400F00546 /* FeedViewController.swift in Sources */ = {isa = PBXBuildFile; fileRef = 9546C01F29FADD8400F00546 /* FeedViewController.swift */; };
		9546C02229FADD9000F00546 /* UploadViewController.swift in Sources */ = {isa = PBXBuildFile; fileRef = 9546C02129FADD9000F00546 /* UploadViewController.swift */; };
		9546C02429FADD9C00F00546 /* SettingsViewController.swift in Sources */ = {isa = PBXBuildFile; fileRef = 9546C02329FADD9C00F00546 /* SettingsViewController.swift */; };
		95E2C71929FD669000999D97 /* FeedCell.swift in Sources */ = {isa = PBXBuildFile; fileRef = 95E2C71829FD669000999D97 /* FeedCell.swift */; };
		95E2C71B29FD822400999D97 /* Post.swift in Sources */ = {isa = PBXBuildFile; fileRef = 95E2C71A29FD822400999D97 /* Post.swift */; };
/* End PBXBuildFile section */

/* Begin PBXFileReference section */
		5F9CAAFA652A7BD0AB2F676A /* Pods_PhotoShareApp.framework */ = {isa = PBXFileReference; explicitFileType = wrapper.framework; includeInIndex = 0; path = Pods_PhotoShareApp.framework; sourceTree = BUILT_PRODUCTS_DIR; };
		9546C00629FAD2B000F00546 /* PhotoShareApp.app */ = {isa = PBXFileReference; explicitFileType = wrapper.application; includeInIndex = 0; path = PhotoShareApp.app; sourceTree = BUILT_PRODUCTS_DIR; };
		9546C00929FAD2B000F00546 /* AppDelegate.swift */ = {isa = PBXFileReference; lastKnownFileType = sourcecode.swift; path = AppDelegate.swift; sourceTree = "<group>"; };
		9546C00B29FAD2B000F00546 /* SceneDelegate.swift */ = {isa = PBXFileReference; lastKnownFileType = sourcecode.swift; path = SceneDelegate.swift; sourceTree = "<group>"; };
		9546C00D29FAD2B000F00546 /* ViewController.swift */ = {isa = PBXFileReference; lastKnownFileType = sourcecode.swift; path = ViewController.swift; sourceTree = "<group>"; };
		9546C01029FAD2B000F00546 /* Base */ = {isa = PBXFileReference; lastKnownFileType = file.storyboard; name = Base; path = Base.lproj/Main.storyboard; sourceTree = "<group>"; };
		9546C01229FAD2B100F00546 /* Assets.xcassets */ = {isa = PBXFileReference; lastKnownFileType = folder.assetcatalog; path = Assets.xcassets; sourceTree = "<group>"; };
		9546C01529FAD2B100F00546 /* Base */ = {isa = PBXFileReference; lastKnownFileType = file.storyboard; name = Base; path = Base.lproj/LaunchScreen.storyboard; sourceTree = "<group>"; };
		9546C01729FAD2B100F00546 /* Info.plist */ = {isa = PBXFileReference; lastKnownFileType = text.plist.xml; path = Info.plist; sourceTree = "<group>"; };
		9546C01D29FAD3D900F00546 /* GoogleService-Info.plist */ = {isa = PBXFileReference; fileEncoding = 4; lastKnownFileType = text.plist.xml; path = "GoogleService-Info.plist"; sourceTree = "<group>"; };
		9546C01F29FADD8400F00546 /* FeedViewController.swift */ = {isa = PBXFileReference; lastKnownFileType = sourcecode.swift; path = FeedViewController.swift; sourceTree = "<group>"; };
		9546C02129FADD9000F00546 /* UploadViewController.swift */ = {isa = PBXFileReference; lastKnownFileType = sourcecode.swift; path = UploadViewController.swift; sourceTree = "<group>"; };
		9546C02329FADD9C00F00546 /* SettingsViewController.swift */ = {isa = PBXFileReference; lastKnownFileType = sourcecode.swift; path = SettingsViewController.swift; sourceTree = "<group>"; };
		95E2C71829FD669000999D97 /* FeedCell.swift */ = {isa = PBXFileReference; lastKnownFileType = sourcecode.swift; path = FeedCell.swift; sourceTree = "<group>"; };
		95E2C71A29FD822400999D97 /* Post.swift */ = {isa = PBXFileReference; lastKnownFileType = sourcecode.swift; path = Post.swift; sourceTree = "<group>"; };
		F095E8DEB3E9E0AE4D7B464C /* Pods-PhotoShareApp.release.xcconfig */ = {isa = PBXFileReference; includeInIndex = 1; lastKnownFileType = text.xcconfig; name = "Pods-PhotoShareApp.release.xcconfig"; path = "Target Support Files/Pods-PhotoShareApp/Pods-PhotoShareApp.release.xcconfig"; sourceTree = "<group>"; };
		FA1FADD8AD1D6B8B8FD8948B /* Pods-PhotoShareApp.debug.xcconfig */ = {isa = PBXFileReference; includeInIndex = 1; lastKnownFileType = text.xcconfig; name = "Pods-PhotoShareApp.debug.xcconfig"; path = "Target Support Files/Pods-PhotoShareApp/Pods-PhotoShareApp.debug.xcconfig"; sourceTree = "<group>"; };
/* End PBXFileReference section */

/* Begin PBXFrameworksBuildPhase section */
		9546C00329FAD2B000F00546 /* Frameworks */ = {
			isa = PBXFrameworksBuildPhase;
			buildActionMask = 2147483647;
			files = (
				03854012E0E0DE459F1438D4 /* Pods_PhotoShareApp.framework in Frameworks */,
			);
			runOnlyForDeploymentPostprocessing = 0;
		};
/* End PBXFrameworksBuildPhase section */

/* Begin PBXGroup section */
		43A9694BBEF0F13C87667E7A /* Frameworks */ = {
			isa = PBXGroup;
			children = (
				5F9CAAFA652A7BD0AB2F676A /* Pods_PhotoShareApp.framework */,
			);
			name = Frameworks;
			sourceTree = "<group>";
		};
		8EFEF7F45478D67980A7E6CD /* Pods */ = {
			isa = PBXGroup;
			children = (
				FA1FADD8AD1D6B8B8FD8948B /* Pods-PhotoShareApp.debug.xcconfig */,
				F095E8DEB3E9E0AE4D7B464C /* Pods-PhotoShareApp.release.xcconfig */,
			);
			path = Pods;
			sourceTree = "<group>";
		};
		9546BFFD29FAD2B000F00546 = {
			isa = PBXGroup;
			children = (
				9546C00829FAD2B000F00546 /* PhotoShareApp */,
				9546C00729FAD2B000F00546 /* Products */,
				8EFEF7F45478D67980A7E6CD /* Pods */,
				43A9694BBEF0F13C87667E7A /* Frameworks */,
			);
			sourceTree = "<group>";
		};
		9546C00729FAD2B000F00546 /* Products */ = {
			isa = PBXGroup;
			children = (
				9546C00629FAD2B000F00546 /* PhotoShareApp.app */,
			);
			name = Products;
			sourceTree = "<group>";
		};
		9546C00829FAD2B000F00546 /* PhotoShareApp */ = {
			isa = PBXGroup;
			children = (
				9546C00929FAD2B000F00546 /* AppDelegate.swift */,
				9546C00B29FAD2B000F00546 /* SceneDelegate.swift */,
				9546C00D29FAD2B000F00546 /* ViewController.swift */,
				9546C01F29FADD8400F00546 /* FeedViewController.swift */,
				95E2C71829FD669000999D97 /* FeedCell.swift */,
				9546C02129FADD9000F00546 /* UploadViewController.swift */,
				9546C02329FADD9C00F00546 /* SettingsViewController.swift */,
				9546C00F29FAD2B000F00546 /* Main.storyboard */,
				9546C01229FAD2B100F00546 /* Assets.xcassets */,
				9546C01429FAD2B100F00546 /* LaunchScreen.storyboard */,
				9546C01729FAD2B100F00546 /* Info.plist */,
				9546C01D29FAD3D900F00546 /* GoogleService-Info.plist */,
				95E2C71A29FD822400999D97 /* Post.swift */,
			);
			path = PhotoShareApp;
			sourceTree = "<group>";
		};
/* End PBXGroup section */

/* Begin PBXNativeTarget section */
		9546C00529FAD2B000F00546 /* PhotoShareApp */ = {
			isa = PBXNativeTarget;
			buildConfigurationList = 9546C01A29FAD2B100F00546 /* Build configuration list for PBXNativeTarget "PhotoShareApp" */;
			buildPhases = (
				E3CA0E48A4ED0687CA72BAA4 /* [CP] Check Pods Manifest.lock */,
				9546C00229FAD2B000F00546 /* Sources */,
				9546C00329FAD2B000F00546 /* Frameworks */,
				9546C00429FAD2B000F00546 /* Resources */,
				14831033BF1245BE21070615 /* [CP] Embed Pods Frameworks */,
			);
			buildRules = (
			);
			dependencies = (
			);
			name = PhotoShareApp;
			productName = PhotoShareApp;
			productReference = 9546C00629FAD2B000F00546 /* PhotoShareApp.app */;
			productType = "com.apple.product-type.application";
		};
/* End PBXNativeTarget section */

/* Begin PBXProject section */
		9546BFFE29FAD2B000F00546 /* Project object */ = {
			isa = PBXProject;
			attributes = {
				BuildIndependentTargetsInParallel = 1;
				LastSwiftUpdateCheck = 1410;
				LastUpgradeCheck = 1410;
				TargetAttributes = {
					9546C00529FAD2B000F00546 = {
						CreatedOnToolsVersion = 14.1;
					};
				};
			};
			buildConfigurationList = 9546C00129FAD2B000F00546 /* Build configuration list for PBXProject "PhotoShareApp" */;
			compatibilityVersion = "Xcode 14.0";
			developmentRegion = en;
			hasScannedForEncodings = 0;
			knownRegions = (
				en,
				Base,
			);
			mainGroup = 9546BFFD29FAD2B000F00546;
			productRefGroup = 9546C00729FAD2B000F00546 /* Products */;
			projectDirPath = "";
			projectRoot = "";
			targets = (
				9546C00529FAD2B000F00546 /* PhotoShareApp */,
			);
		};
/* End PBXProject section */

/* Begin PBXResourcesBuildPhase section */
		9546C00429FAD2B000F00546 /* Resources */ = {
			isa = PBXResourcesBuildPhase;
			buildActionMask = 2147483647;
			files = (
				9546C01629FAD2B100F00546 /* LaunchScreen.storyboard in Resources */,
				9546C01E29FAD3D900F00546 /* GoogleService-Info.plist in Resources */,
				9546C01329FAD2B100F00546 /* Assets.xcassets in Resources */,
				9546C01129FAD2B000F00546 /* Main.storyboard in Resources */,
			);
			runOnlyForDeploymentPostprocessing = 0;
		};
/* End PBXResourcesBuildPhase section */

/* Begin PBXShellScriptBuildPhase section */
		14831033BF1245BE21070615 /* [CP] Embed Pods Frameworks */ = {
			isa = PBXShellScriptBuildPhase;
			buildActionMask = 2147483647;
			files = (
			);
			inputFileListPaths = (
				"${PODS_ROOT}/Target Support Files/Pods-PhotoShareApp/Pods-PhotoShareApp-frameworks-${CONFIGURATION}-input-files.xcfilelist",
			);
			name = "[CP] Embed Pods Frameworks";
			outputFileListPaths = (
				"${PODS_ROOT}/Target Support Files/Pods-PhotoShareApp/Pods-PhotoShareApp-frameworks-${CONFIGURATION}-output-files.xcfilelist",
			);
			runOnlyForDeploymentPostprocessing = 0;
			shellPath = /bin/sh;
			shellScript = "\"${PODS_ROOT}/Target Support Files/Pods-PhotoShareApp/Pods-PhotoShareApp-frameworks.sh\"\n";
			showEnvVarsInLog = 0;
		};
		E3CA0E48A4ED0687CA72BAA4 /* [CP] Check Pods Manifest.lock */ = {
			isa = PBXShellScriptBuildPhase;
			buildActionMask = 2147483647;
			files = (
			);
			inputFileListPaths = (
			);
			inputPaths = (
				"${PODS_PODFILE_DIR_PATH}/Podfile.lock",
				"${PODS_ROOT}/Manifest.lock",
			);
			name = "[CP] Check Pods Manifest.lock";
			outputFileListPaths = (
			);
			outputPaths = (
				"$(DERIVED_FILE_DIR)/Pods-PhotoShareApp-checkManifestLockResult.txt",
			);
			runOnlyForDeploymentPostprocessing = 0;
			shellPath = /bin/sh;
			shellScript = "diff \"${PODS_PODFILE_DIR_PATH}/Podfile.lock\" \"${PODS_ROOT}/Manifest.lock\" > /dev/null\nif [ $? != 0 ] ; then\n    # print error to STDERR\n    echo \"error: The sandbox is not in sync with the Podfile.lock. Run 'pod install' or update your CocoaPods installation.\" >&2\n    exit 1\nfi\n# This output is used by Xcode 'outputs' to avoid re-running this script phase.\necho \"SUCCESS\" > \"${SCRIPT_OUTPUT_FILE_0}\"\n";
			showEnvVarsInLog = 0;
		};
/* End PBXShellScriptBuildPhase section */

/* Begin PBXSourcesBuildPhase section */
		9546C00229FAD2B000F00546 /* Sources */ = {
			isa = PBXSourcesBuildPhase;
			buildActionMask = 2147483647;
			files = (
				95E2C71929FD669000999D97 /* FeedCell.swift in Sources */,
				9546C00E29FAD2B000F00546 /* ViewController.swift in Sources */,
				9546C02229FADD9000F00546 /* UploadViewController.swift in Sources */,
				95E2C71B29FD822400999D97 /* Post.swift in Sources */,
				9546C00A29FAD2B000F00546 /* AppDelegate.swift in Sources */,
				9546C02029FADD8400F00546 /* FeedViewController.swift in Sources */,
				9546C00C29FAD2B000F00546 /* SceneDelegate.swift in Sources */,
				9546C02429FADD9C00F00546 /* SettingsViewController.swift in Sources */,
			);
			runOnlyForDeploymentPostprocessing = 0;
		};
/* End PBXSourcesBuildPhase section */

/* Begin PBXVariantGroup section */
		9546C00F29FAD2B000F00546 /* Main.storyboard */ = {
			isa = PBXVariantGroup;
			children = (
				9546C01029FAD2B000F00546 /* Base */,
			);
			name = Main.storyboard;
			sourceTree = "<group>";
		};
		9546C01429FAD2B100F00546 /* LaunchScreen.storyboard */ = {
			isa = PBXVariantGroup;
			children = (
				9546C01529FAD2B100F00546 /* Base */,
			);
			name = LaunchScreen.storyboard;
			sourceTree = "<group>";
		};
/* End PBXVariantGroup section */

/* Begin XCBuildConfiguration section */
		9546C01829FAD2B100F00546 /* Debug */ = {
			isa = XCBuildConfiguration;
			buildSettings = {
				ALWAYS_SEARCH_USER_PATHS = NO;
				CLANG_ANALYZER_NONNULL = YES;
				CLANG_ANALYZER_NUMBER_OBJECT_CONVERSION = YES_AGGRESSIVE;
				CLANG_CXX_LANGUAGE_STANDARD = "gnu++20";
				CLANG_ENABLE_MODULES = YES;
				CLANG_ENABLE_OBJC_ARC = YES;
				CLANG_ENABLE_OBJC_WEAK = YES;
				CLANG_WARN_BLOCK_CAPTURE_AUTORELEASING = YES;
				CLANG_WARN_BOOL_CONVERSION = YES;
				CLANG_WARN_COMMA = YES;
				CLANG_WARN_CONSTANT_CONVERSION = YES;
				CLANG_WARN_DEPRECATED_OBJC_IMPLEMENTATIONS = YES;
				CLANG_WARN_DIRECT_OBJC_ISA_USAGE = YES_ERROR;
				CLANG_WARN_DOCUMENTATION_COMMENTS = YES;
				CLANG_WARN_EMPTY_BODY = YES;
				CLANG_WARN_ENUM_CONVERSION = YES;
				CLANG_WARN_INFINITE_RECURSION = YES;
				CLANG_WARN_INT_CONVERSION = YES;
				CLANG_WARN_NON_LITERAL_NULL_CONVERSION = YES;
				CLANG_WARN_OBJC_IMPLICIT_RETAIN_SELF = YES;
				CLANG_WARN_OBJC_LITERAL_CONVERSION = YES;
				CLANG_WARN_OBJC_ROOT_CLASS = YES_ERROR;
				CLANG_WARN_QUOTED_INCLUDE_IN_FRAMEWORK_HEADER = YES;
				CLANG_WARN_RANGE_LOOP_ANALYSIS = YES;
				CLANG_WARN_STRICT_PROTOTYPES = YES;
				CLANG_WARN_SUSPICIOUS_MOVE = YES;
				CLANG_WARN_UNGUARDED_AVAILABILITY = YES_AGGRESSIVE;
				CLANG_WARN_UNREACHABLE_CODE = YES;
				CLANG_WARN__DUPLICATE_METHOD_MATCH = YES;
				COPY_PHASE_STRIP = NO;
				DEBUG_INFORMATION_FORMAT = dwarf;
				ENABLE_STRICT_OBJC_MSGSEND = YES;
				ENABLE_TESTABILITY = YES;
				GCC_C_LANGUAGE_STANDARD = gnu11;
				GCC_DYNAMIC_NO_PIC = NO;
				GCC_NO_COMMON_BLOCKS = YES;
				GCC_OPTIMIZATION_LEVEL = 0;
				GCC_PREPROCESSOR_DEFINITIONS = (
					"DEBUG=1",
					"$(inherited)",
				);
				GCC_WARN_64_TO_32_BIT_CONVERSION = YES;
				GCC_WARN_ABOUT_RETURN_TYPE = YES_ERROR;
				GCC_WARN_UNDECLARED_SELECTOR = YES;
				GCC_WARN_UNINITIALIZED_AUTOS = YES_AGGRESSIVE;
				GCC_WARN_UNUSED_FUNCTION = YES;
				GCC_WARN_UNUSED_VARIABLE = YES;
				IPHONEOS_DEPLOYMENT_TARGET = 16.1;
				MTL_ENABLE_DEBUG_INFO = INCLUDE_SOURCE;
				MTL_FAST_MATH = YES;
				ONLY_ACTIVE_ARCH = YES;
				SDKROOT = iphoneos;
				SWIFT_ACTIVE_COMPILATION_CONDITIONS = DEBUG;
				SWIFT_OPTIMIZATION_LEVEL = "-Onone";
			};
			name = Debug;
		};
		9546C01929FAD2B100F00546 /* Release */ = {
			isa = XCBuildConfiguration;
			buildSettings = {
				ALWAYS_SEARCH_USER_PATHS = NO;
				CLANG_ANALYZER_NONNULL = YES;
				CLANG_ANALYZER_NUMBER_OBJECT_CONVERSION = YES_AGGRESSIVE;
				CLANG_CXX_LANGUAGE_STANDARD = "gnu++20";
				CLANG_ENABLE_MODULES = YES;
				CLANG_ENABLE_OBJC_ARC = YES;
				CLANG_ENABLE_OBJC_WEAK = YES;
				CLANG_WARN_BLOCK_CAPTURE_AUTORELEASING = YES;
				CLANG_WARN_BOOL_CONVERSION = YES;
				CLANG_WARN_COMMA = YES;
				CLANG_WARN_CONSTANT_CONVERSION = YES;
				CLANG_WARN_DEPRECATED_OBJC_IMPLEMENTATIONS = YES;
				CLANG_WARN_DIRECT_OBJC_ISA_USAGE = YES_ERROR;
				CLANG_WARN_DOCUMENTATION_COMMENTS = YES;
				CLANG_WARN_EMPTY_BODY = YES;
				CLANG_WARN_ENUM_CONVERSION = YES;
				CLANG_WARN_INFINITE_RECURSION = YES;
				CLANG_WARN_INT_CONVERSION = YES;
				CLANG_WARN_NON_LITERAL_NULL_CONVERSION = YES;
				CLANG_WARN_OBJC_IMPLICIT_RETAIN_SELF = YES;
				CLANG_WARN_OBJC_LITERAL_CONVERSION = YES;
				CLANG_WARN_OBJC_ROOT_CLASS = YES_ERROR;
				CLANG_WARN_QUOTED_INCLUDE_IN_FRAMEWORK_HEADER = YES;
				CLANG_WARN_RANGE_LOOP_ANALYSIS = YES;
				CLANG_WARN_STRICT_PROTOTYPES = YES;
				CLANG_WARN_SUSPICIOUS_MOVE = YES;
				CLANG_WARN_UNGUARDED_AVAILABILITY = YES_AGGRESSIVE;
				CLANG_WARN_UNREACHABLE_CODE = YES;
				CLANG_WARN__DUPLICATE_METHOD_MATCH = YES;
				COPY_PHASE_STRIP = NO;
				DEBUG_INFORMATION_FORMAT = "dwarf-with-dsym";
				ENABLE_NS_ASSERTIONS = NO;
				ENABLE_STRICT_OBJC_MSGSEND = YES;
				GCC_C_LANGUAGE_STANDARD = gnu11;
				GCC_NO_COMMON_BLOCKS = YES;
				GCC_WARN_64_TO_32_BIT_CONVERSION = YES;
				GCC_WARN_ABOUT_RETURN_TYPE = YES_ERROR;
				GCC_WARN_UNDECLARED_SELECTOR = YES;
				GCC_WARN_UNINITIALIZED_AUTOS = YES_AGGRESSIVE;
				GCC_WARN_UNUSED_FUNCTION = YES;
				GCC_WARN_UNUSED_VARIABLE = YES;
				IPHONEOS_DEPLOYMENT_TARGET = 16.1;
				MTL_ENABLE_DEBUG_INFO = NO;
				MTL_FAST_MATH = YES;
				SDKROOT = iphoneos;
				SWIFT_COMPILATION_MODE = wholemodule;
				SWIFT_OPTIMIZATION_LEVEL = "-O";
				VALIDATE_PRODUCT = YES;
			};
			name = Release;
		};
		9546C01B29FAD2B100F00546 /* Debug */ = {
			isa = XCBuildConfiguration;
			baseConfigurationReference = FA1FADD8AD1D6B8B8FD8948B /* Pods-PhotoShareApp.debug.xcconfig */;
			buildSettings = {
				ASSETCATALOG_COMPILER_APPICON_NAME = AppIcon;
				ASSETCATALOG_COMPILER_GLOBAL_ACCENT_COLOR_NAME = AccentColor;
				CODE_SIGN_STYLE = Automatic;
				CURRENT_PROJECT_VERSION = 1;
				DEVELOPMENT_TEAM = 822WALF24X;
				GENERATE_INFOPLIST_FILE = YES;
				INFOPLIST_FILE = PhotoShareApp/Info.plist;
				INFOPLIST_KEY_UIApplicationSupportsIndirectInputEvents = YES;
				INFOPLIST_KEY_UILaunchStoryboardName = LaunchScreen;
				INFOPLIST_KEY_UIMainStoryboardFile = Main;
				INFOPLIST_KEY_UISupportedInterfaceOrientations_iPad = "UIInterfaceOrientationPortrait UIInterfaceOrientationPortraitUpsideDown UIInterfaceOrientationLandscapeLeft UIInterfaceOrientationLandscapeRight";
				INFOPLIST_KEY_UISupportedInterfaceOrientations_iPhone = "UIInterfaceOrientationPortrait UIInterfaceOrientationLandscapeLeft UIInterfaceOrientationLandscapeRight";
				LD_RUNPATH_SEARCH_PATHS = (
					"$(inherited)",
					"@executable_path/Frameworks",
				);
				MARKETING_VERSION = 1.0;
				PRODUCT_BUNDLE_IDENTIFIER = com.Baran.PhotoShareApp;
				PRODUCT_NAME = "$(TARGET_NAME)";
				SWIFT_EMIT_LOC_STRINGS = YES;
				SWIFT_VERSION = 5.0;
				TARGETED_DEVICE_FAMILY = "1,2";
			};
			name = Debug;
		};
		9546C01C29FAD2B100F00546 /* Release */ = {
			isa = XCBuildConfiguration;
			baseConfigurationReference = F095E8DEB3E9E0AE4D7B464C /* Pods-PhotoShareApp.release.xcconfig */;
			buildSettings = {
				ASSETCATALOG_COMPILER_APPICON_NAME = AppIcon;
				ASSETCATALOG_COMPILER_GLOBAL_ACCENT_COLOR_NAME = AccentColor;
				CODE_SIGN_STYLE = Automatic;
				CURRENT_PROJECT_VERSION = 1;
				DEVELOPMENT_TEAM = 822WALF24X;
				GENERATE_INFOPLIST_FILE = YES;
				INFOPLIST_FILE = PhotoShareApp/Info.plist;
				INFOPLIST_KEY_UIApplicationSupportsIndirectInputEvents = YES;
				INFOPLIST_KEY_UILaunchStoryboardName = LaunchScreen;
				INFOPLIST_KEY_UIMainStoryboardFile = Main;
				INFOPLIST_KEY_UISupportedInterfaceOrientations_iPad = "UIInterfaceOrientationPortrait UIInterfaceOrientationPortraitUpsideDown UIInterfaceOrientationLandscapeLeft UIInterfaceOrientationLandscapeRight";
				INFOPLIST_KEY_UISupportedInterfaceOrientations_iPhone = "UIInterfaceOrientationPortrait UIInterfaceOrientationLandscapeLeft UIInterfaceOrientationLandscapeRight";
				LD_RUNPATH_SEARCH_PATHS = (
					"$(inherited)",
					"@executable_path/Frameworks",
				);
				MARKETING_VERSION = 1.0;
				PRODUCT_BUNDLE_IDENTIFIER = com.Baran.PhotoShareApp;
				PRODUCT_NAME = "$(TARGET_NAME)";
				SWIFT_EMIT_LOC_STRINGS = YES;
				SWIFT_VERSION = 5.0;
				TARGETED_DEVICE_FAMILY = "1,2";
			};
			name = Release;
		};
/* End XCBuildConfiguration section */

/* Begin XCConfigurationList section */
		9546C00129FAD2B000F00546 /* Build configuration list for PBXProject "PhotoShareApp" */ = {
			isa = XCConfigurationList;
			buildConfigurations = (
				9546C01829FAD2B100F00546 /* Debug */,
				9546C01929FAD2B100F00546 /* Release */,
			);
			defaultConfigurationIsVisible = 0;
			defaultConfigurationName = Release;
		};
		9546C01A29FAD2B100F00546 /* Build configuration list for PBXNativeTarget "PhotoShareApp" */ = {
			isa = XCConfigurationList;
			buildConfigurations = (
				9546C01B29FAD2B100F00546 /* Debug */,
				9546C01C29FAD2B100F00546 /* Release */,
			);
			defaultConfigurationIsVisible = 0;
			defaultConfigurationName = Release;
		};
/* End XCConfigurationList section */
	};
	rootObject = 9546BFFE29FAD2B000F00546 /* Project object */;
}
